
Microsoft Visual Studio Solution File, Format Version 12.00
# Visual Studio 2013
VisualStudioVersion = 12.0.30501.0
MinimumVisualStudioVersion = 10.0.40219.1
Project("{FAE04EC0-301F-11D3-BF4B-00C04F79EFBC}") = "MIS.UI", "MIS.UI\MIS.UI.csproj", "{8EF23C27-4F3F-436B-8F0E-58AC487558E3}"
EndProject
Project("{FAE04EC0-301F-11D3-BF4B-00C04F79EFBC}") = "MIS.DAL", "MIS.DAL\MIS.DAL.csproj", "{F075D5B2-2C87-4B82-9548-5B5E0EB4472D}"
EndProject
Project("{FAE04EC0-301F-11D3-BF4B-00C04F79EFBC}") = "MIS.IBLL", "MIS.IBLL\MIS.IBLL.csproj", "{38F2A199-939A-4288-B7A7-6B29FDE9C07F}"
EndProject
Project("{FAE04EC0-301F-11D3-BF4B-00C04F79EFBC}") = "MIS.IDAL", "MIS.IDAL\MIS.IDAL.csproj", "{0F3BB477-57E9-46EE-B9EB-14B9CABCA734}"
EndProject
Project("{FAE04EC0-301F-11D3-BF4B-00C04F79EFBC}") = "MIS.BLL", "MIS.BLL\MIS.BLL.csproj", "{D45EC8B4-1E03-4C5D-A971-FE49DD68D269}"
EndProject
Project("{FAE04EC0-301F-11D3-BF4B-00C04F79EFBC}") = "MIS.Model", "MIS.Model\MIS.Model.csproj", "{F4130BC2-B382-48B1-AB6B-F479307AF027}"
EndProject
Project("{2150E333-8FDC-42A3-9474-1A3956D46DE8}") = "MIS.DataSource", "MIS.DataSource", "{E54D4AC8-BEA4-4E6A-9721-2066BB401CB5}"
EndProject
Project("{FAE04EC0-301F-11D3-BF4B-00C04F79EFBC}") = "MIS.EFDataSource", "MIS.EFDataSource\MIS.EFDataSource.csproj", "{24F3C943-7BF2-42F4-9721-51938AFA5D97}"
EndProject
Project("{FAE04EC0-301F-11D3-BF4B-00C04F79EFBC}") = "MIS.Utility", "MIS.Utility\MIS.Utility.csproj", "{2BC6D58E-96ED-4A27-807E-E22B773DA9B0}"
EndProject
Project("{FAE04EC0-301F-11D3-BF4B-00C04F79EFBC}") = "MIS.AdoNetDataSource", "MIS.AdoNetDataSource\MIS.AdoNetDataSource.csproj", "{F50F50EB-D6D2-469A-846F-95455DB497D3}"
EndProject
Global
	GlobalSection(SolutionConfigurationPlatforms) = preSolution
		Debug|Any CPU = Debug|Any CPU
		Release|Any CPU = Release|Any CPU
	EndGlobalSection
	GlobalSection(ProjectConfigurationPlatforms) = postSolution
		{8EF23C27-4F3F-436B-8F0E-58AC487558E3}.Debug|Any CPU.ActiveCfg = Debug|Any CPU
		{8EF23C27-4F3F-436B-8F0E-58AC487558E3}.Debug|Any CPU.Build.0 = Debug|Any CPU
		{8EF23C27-4F3F-436B-8F0E-58AC487558E3}.Release|Any CPU.ActiveCfg = Release|Any CPU
		{8EF23C27-4F3F-436B-8F0E-58AC487558E3}.Release|Any CPU.Build.0 = Release|Any CPU
		{F075D5B2-2C87-4B82-9548-5B5E0EB4472D}.Debug|Any CPU.ActiveCfg = Debug|Any CPU
		{F075D5B2-2C87-4B82-9548-5B5E0EB4472D}.Debug|Any CPU.Build.0 = Debug|Any CPU
		{F075D5B2-2C87-4B82-9548-5B5E0EB4472D}.Release|Any CPU.ActiveCfg = Release|Any CPU
		{F075D5B2-2C87-4B82-9548-5B5E0EB4472D}.Release|Any CPU.Build.0 = Release|Any CPU
		{38F2A199-939A-4288-B7A7-6B29FDE9C07F}.Debug|Any CPU.ActiveCfg = Debug|Any CPU
		{38F2A199-939A-4288-B7A7-6B29FDE9C07F}.Debug|Any CPU.Build.0 = Debug|Any CPU
		{38F2A199-939A-4288-B7A7-6B29FDE9C07F}.Release|Any CPU.ActiveCfg = Release|Any CPU
		{38F2A199-939A-4288-B7A7-6B29FDE9C07F}.Release|Any CPU.Build.0 = Release|Any CPU
		{0F3BB477-57E9-46EE-B9EB-14B9CABCA734}.Debug|Any CPU.ActiveCfg = Debug|Any CPU
		{0F3BB477-57E9-46EE-B9EB-14B9CABCA734}.Debug|Any CPU.Build.0 = Debug|Any CPU
		{0F3BB477-57E9-46EE-B9EB-14B9CABCA734}.Release|Any CPU.ActiveCfg = Release|Any CPU
		{0F3BB477-57E9-46EE-B9EB-14B9CABCA734}.Release|Any CPU.Build.0 = Release|Any CPU
		{D45EC8B4-1E03-4C5D-A971-FE49DD68D269}.Debug|Any CPU.ActiveCfg = Debug|Any CPU
		{D45EC8B4-1E03-4C5D-A971-FE49DD68D269}.Debug|Any CPU.Build.0 = Debug|Any CPU
		{D45EC8B4-1E03-4C5D-A971-FE49DD68D269}.Release|Any CPU.ActiveCfg = Release|Any CPU
		{D45EC8B4-1E03-4C5D-A971-FE49DD68D269}.Release|Any CPU.Build.0 = Release|Any CPU
		{F4130BC2-B382-48B1-AB6B-F479307AF027}.Debug|Any CPU.ActiveCfg = Debug|Any CPU
		{F4130BC2-B382-48B1-AB6B-F479307AF027}.Debug|Any CPU.Build.0 = Debug|Any CPU
		{F4130BC2-B382-48B1-AB6B-F479307AF027}.Release|Any CPU.ActiveCfg = Release|Any CPU
		{F4130BC2-B382-48B1-AB6B-F479307AF027}.Release|Any CPU.Build.0 = Release|Any CPU
		{24F3C943-7BF2-42F4-9721-51938AFA5D97}.Debug|Any CPU.ActiveCfg = Debug|Any CPU
		{24F3C943-7BF2-42F4-9721-51938AFA5D97}.Debug|Any CPU.Build.0 = Debug|Any CPU
		{24F3C943-7BF2-42F4-9721-51938AFA5D97}.Release|Any CPU.ActiveCfg = Release|Any CPU
		{24F3C943-7BF2-42F4-9721-51938AFA5D97}.Release|Any CPU.Build.0 = Release|Any CPU
		{2BC6D58E-96ED-4A27-807E-E22B773DA9B0}.Debug|Any CPU.ActiveCfg = Debug|Any CPU
		{2BC6D58E-96ED-4A27-807E-E22B773DA9B0}.Debug|Any CPU.Build.0 = Debug|Any CPU
		{2BC6D58E-96ED-4A27-807E-E22B773DA9B0}.Release|Any CPU.ActiveCfg = Release|Any CPU
		{2BC6D58E-96ED-4A27-807E-E22B773DA9B0}.Release|Any CPU.Build.0 = Release|Any CPU
		{F50F50EB-D6D2-469A-846F-95455DB497D3}.Debug|Any CPU.ActiveCfg = Debug|Any CPU
		{F50F50EB-D6D2-469A-846F-95455DB497D3}.Debug|Any CPU.Build.0 = Debug|Any CPU
		{F50F50EB-D6D2-469A-846F-95455DB497D3}.Release|Any CPU.ActiveCfg = Release|Any CPU
		{F50F50EB-D6D2-469A-846F-95455DB497D3}.Release|Any CPU.Build.0 = Release|Any CPU
	EndGlobalSection
	GlobalSection(SolutionProperties) = preSolution
		HideSolutionNode = FALSE
	EndGlobalSection
	GlobalSection(NestedProjects) = preSolution
		{24F3C943-7BF2-42F4-9721-51938AFA5D97} = {E54D4AC8-BEA4-4E6A-9721-2066BB401CB5}
		{F50F50EB-D6D2-469A-846F-95455DB497D3} = {E54D4AC8-BEA4-4E6A-9721-2066BB401CB5}
	EndGlobalSection
EndGlobal
